{
  "version": 1,
  "dependencies": {
    "net8.0": {
      "Endjin.RecommendedPractices.GitHub": {
        "type": "Direct",
        "requested": "[2.1.18, )",
        "resolved": "2.1.18",
        "contentHash": "5zdIpj3qn+hQKvpkJO77wW74S4w8UKE0l8oDIm6jq70X7O0iNfgD+0FzEKXIYM17JtqnVSVaBd4ZyuDxHqVnLg==",
        "dependencies": {
          "Endjin.RecommendedPractices": "2.1.18",
          "Microsoft.SourceLink.GitHub": "1.1.1"
        }
      },
      "Microsoft.Extensions.Configuration": {
        "type": "Direct",
        "requested": "[9.0.3, )",
        "resolved": "9.0.3",
        "contentHash": "RIEeZxWYm77+OWLwgik7DzSVSONjqkmcbuCb1koZdGAV7BgOUWnLz80VMyHZMw3onrVwFCCMHBBdruBPuQTvkg==",
        "dependencies": {
          "Microsoft.Extensions.Configuration.Abstractions": "9.0.3",
          "Microsoft.Extensions.Primitives": "9.0.3"
        }
      },
      "Microsoft.Extensions.Configuration.Binder": {
        "type": "Direct",
        "requested": "[9.0.3, )",
        "resolved": "9.0.3",
        "contentHash": "ad82pYBUSQbd3WIboxsS1HzFdRuHKRa2CpYwie/o6dZAxUjt62yFwjoVdM7Iw2VO5fHV1rJwa7jJZBNZin0E7Q==",
        "dependencies": {
          "Microsoft.Extensions.Configuration.Abstractions": "9.0.3"
        }
      },
      "Microsoft.Extensions.Configuration.FileExtensions": {
        "type": "Direct",
        "requested": "[9.0.3, )",
        "resolved": "9.0.3",
        "contentHash": "tBNMSDJ2q7WQK2zwPhHY5I/q95t7sf6dT079mGrNm0yOZF/gM9JvR/LtCb/rwhRmh7A6XMnzv5WbpCh9KLq9EQ==",
        "dependencies": {
          "Microsoft.Extensions.Configuration": "9.0.3",
          "Microsoft.Extensions.Configuration.Abstractions": "9.0.3",
          "Microsoft.Extensions.FileProviders.Abstractions": "9.0.3",
          "Microsoft.Extensions.FileProviders.Physical": "9.0.3",
          "Microsoft.Extensions.Primitives": "9.0.3"
        }
      },
      "Microsoft.Extensions.Configuration.Json": {
        "type": "Direct",
        "requested": "[9.0.3, )",
        "resolved": "9.0.3",
        "contentHash": "mjkp3ZwynNacZk4uq93I0DyCY48FZmi3yRV0xlfeDuWh44KcDunPXHwt8IWr4kL7cVM6eiFVe6YTJg97KzUAUA==",
        "dependencies": {
          "Microsoft.Extensions.Configuration": "9.0.3",
          "Microsoft.Extensions.Configuration.Abstractions": "9.0.3",
          "Microsoft.Extensions.Configuration.FileExtensions": "9.0.3",
          "Microsoft.Extensions.FileProviders.Abstractions": "9.0.3",
          "System.Text.Json": "9.0.3"
        }
      },
      "System.Threading.Tasks.Dataflow": {
        "type": "Direct",
        "requested": "[8.0.1, )",
        "resolved": "8.0.1",
        "contentHash": "4pjq2vIPNZkKA9asAXzf5IRBb7K+b0+UQZZbpv6g029sAPZgnKdg/NNOC/DbJL8SWqYcFMVjb/T/YEmb0PHUYg=="
      },
      "Ais.Net": {
        "type": "Transitive",
        "resolved": "0.4.2",
        "contentHash": "+wtx8g0YwxEaDbilf4MiED9S4Yxr9J7RHAAMEN48+yB0it10KYdhmtB6dxt7qdCOvdoDnBOumggcGYefWMz+WA==",
        "dependencies": {
          "System.IO.Pipelines": "4.7.4"
        }
      },
      "Ais.Net.Models": {
        "type": "Transitive",
        "resolved": "0.3.1",
        "contentHash": "HcqGkzYW9BVZ4s9Jny87cH1c4fDkt3FpYtklH/T+vNFnncJmLDFNbAIOqFnO+JqvygBP6qDWo6WyEylAIFrgwQ==",
        "dependencies": {
          "Ais.Net": "0.4.2"
        }
      },
      "Azure.Core": {
        "type": "Transitive",
        "resolved": "1.44.1",
        "contentHash": "YyznXLQZCregzHvioip07/BkzjuWNXogJEVz9T5W6TwjNr17ax41YGzYMptlo2G10oLCuVPoyva62y0SIRDixg==",
        "dependencies": {
          "Microsoft.Bcl.AsyncInterfaces": "6.0.0",
          "System.ClientModel": "1.1.0",
          "System.Diagnostics.DiagnosticSource": "6.0.1",
          "System.Memory.Data": "6.0.0",
          "System.Numerics.Vectors": "4.5.0",
          "System.Text.Encodings.Web": "6.0.0",
          "System.Text.Json": "6.0.10",
          "System.Threading.Tasks.Extensions": "4.5.4"
        }
      },
      "Azure.Storage.Blobs": {
        "type": "Transitive",
        "resolved": "12.23.0",
        "contentHash": "wokJ5KX/iViQQ32xyCu69+Ter0aR4B9QQ+oR9NCpc/WPIanxnDErrmFfdmE7K8ZdccjHkvE/wEnqJxaF1+5wFg==",
        "dependencies": {
          "Azure.Storage.Common": "12.22.0",
          "System.Text.Json": "6.0.10"
        }
      },
      "Azure.Storage.Common": {
        "type": "Transitive",
        "resolved": "12.22.0",
        "contentHash": "0Vm30bRpQ0fcswB0xQMhKAOSXnRygnF2f/029uPaIDLaj1/yfX4jmU0fFjJe9ojGEj/vlAmsApCEOyL9if6zHg==",
        "dependencies": {
          "Azure.Core": "1.44.1",
          "System.IO.Hashing": "6.0.0"
        }
      },
      "Corvus.Retry": {
        "type": "Transitive",
        "resolved": "1.0.7",
        "contentHash": "CMAb5YGTXzUeNS+9aumQCGUH6MzymbvlsljHAamxNwffmEly8S50UoqdMi6lHlQlkl2bc+xrvIbGnhJnnF6Puw=="
      },
      "Endjin.RecommendedPractices": {
        "type": "Transitive",
        "resolved": "2.1.18",
        "contentHash": "AAD5aVVKTdFYsMpdHft4Q4rPdLaBt/IG4K2ozmB0qkotXpIWBhNUDtguBZCkYvTt0o2UXS5fQDP3os86F03lpw==",
        "dependencies": {
          "Microsoft.Build.Tasks.Git": "1.1.1"
        }
      },
      "Microsoft.Bcl.AsyncInterfaces": {
        "type": "Transitive",
        "resolved": "6.0.0",
        "contentHash": "UcSjPsst+DfAdJGVDsu346FX0ci0ah+lw3WRtn18NUwEqRt70HaOQ7lI72vy3+1LxtqI3T5GWwV39rQSrCzAeg=="
      },
      "Microsoft.Build.Tasks.Git": {
        "type": "Transitive",
        "resolved": "1.1.1",
        "contentHash": "AT3HlgTjsqHnWpBHSNeR0KxbLZD7bztlZVj7I8vgeYG9SYqbeFGh0TM/KVtC6fg53nrWHl3VfZFvb5BiQFcY6Q=="
      },
      "Microsoft.Extensions.Configuration.Abstractions": {
        "type": "Transitive",
        "resolved": "9.0.3",
        "contentHash": "q5qlbm6GRUrle2ZZxy9aqS/wWoc+mRD3JeP6rcpiJTh5XcemYkplAcJKq8lU11ZfPom5lfbZZfnQvDqcUhqD5Q==",
        "dependencies": {
          "Microsoft.Extensions.Primitives": "9.0.3"
        }
      },
      "Microsoft.Extensions.FileProviders.Abstractions": {
        "type": "Transitive",
        "resolved": "9.0.3",
        "contentHash": "umczZ3+QPpzlrW/lkvy+IB0p52+qZ5w++aqx2lTCMOaPKzwcbVdrJgiQ3ajw5QWBp7gChLUiCYkSlWUpfjv24g==",
        "dependencies": {
          "Microsoft.Extensions.Primitives": "9.0.3"
        }
      },
      "Microsoft.Extensions.FileProviders.Physical": {
        "type": "Transitive",
        "resolved": "9.0.3",
        "contentHash": "th2+tQBV5oWjgKhip9GjiIv2AEK3QvfAO3tZcqV3F3dEt5D6Gb411RntCj1+8GS9HaRRSxjSGx/fCrMqIjkb1Q==",
        "dependencies": {
          "Microsoft.Extensions.FileProviders.Abstractions": "9.0.3",
          "Microsoft.Extensions.FileSystemGlobbing": "9.0.3",
          "Microsoft.Extensions.Primitives": "9.0.3"
        }
      },
      "Microsoft.Extensions.FileSystemGlobbing": {
        "type": "Transitive",
        "resolved": "9.0.3",
        "contentHash": "Rec77KHk4iNpFznHi5/6wF3MlUDcKqg26t8gRYbUm1PSukZ4B6mrXpZsJSNOiwyhhQVkjYbaoZxi5XJgRQ5lFg=="
      },
      "Microsoft.Extensions.Primitives": {
        "type": "Transitive",
        "resolved": "9.0.3",
        "contentHash": "yCCJHvBcRyqapMSNzP+kTc57Eaavq2cr5Tmuil6/XVnipQf5xmskxakSQ1enU6S4+fNg3sJ27WcInV64q24JsA=="
      },
      "Microsoft.SourceLink.Common": {
        "type": "Transitive",
        "resolved": "1.1.1",
        "contentHash": "WMcGpWKrmJmzrNeuaEb23bEMnbtR/vLmvZtkAP5qWu7vQsY59GqfRJd65sFpBszbd2k/bQ8cs8eWawQKAabkVg=="
      },
      "Microsoft.SourceLink.GitHub": {
        "type": "Transitive",
        "resolved": "1.1.1",
        "contentHash": "IaJGnOv/M7UQjRJks7B6p7pbPnOwisYGOIzqCz5ilGFTApZ3ktOR+6zJ12ZRPInulBmdAf1SrGdDG2MU8g6XTw==",
        "dependencies": {
          "Microsoft.Build.Tasks.Git": "1.1.1",
          "Microsoft.SourceLink.Common": "1.1.1"
        }
      },
      "System.ClientModel": {
        "type": "Transitive",
        "resolved": "1.1.0",
        "contentHash": "UocOlCkxLZrG2CKMAAImPcldJTxeesHnHGHwhJ0pNlZEvEXcWKuQvVOER2/NiOkJGRJk978SNdw3j6/7O9H1lg==",
        "dependencies": {
          "System.Memory.Data": "1.0.2",
          "System.Text.Json": "6.0.9"
        }
      },
      "System.Diagnostics.DiagnosticSource": {
        "type": "Transitive",
        "resolved": "6.0.1",
        "contentHash": "KiLYDu2k2J82Q9BJpWiuQqCkFjRBWVq4jDzKKWawVi9KWzyD0XG3cmfX0vqTQlL14Wi9EufJrbL0+KCLTbqWiQ==",
        "dependencies": {
          "System.Runtime.CompilerServices.Unsafe": "6.0.0"
        }
      },
      "System.IO.Hashing": {
        "type": "Transitive",
        "resolved": "6.0.0",
        "contentHash": "Rfm2jYCaUeGysFEZjDe7j1R4x6Z6BzumS/vUT5a1AA/AWJuGX71PoGB0RmpyX3VmrGqVnAwtfMn39OHR8Y/5+g=="
      },
      "System.IO.Pipelines": {
        "type": "Transitive",
        "resolved": "9.0.3",
        "contentHash": "aP1Qh9llcEmo0qN+VKvVDHFMe5Cqpfb1VjhBO7rjmxCXtLs3IfVSOiNqqLBZ/4Qbcr4J0SDdJq9S7EKAGpnwEA=="
      },
      "System.Linq.Async": {
        "type": "Transitive",
        "resolved": "6.0.1",
        "contentHash": "0YhHcaroWpQ9UCot3Pizah7ryAzQhNvobLMSxeDIGmnXfkQn8u5owvpOH0K6EVB+z9L7u6Cc4W17Br/+jyttEQ==",
        "dependencies": {
          "Microsoft.Bcl.AsyncInterfaces": "6.0.0"
        }
      },
      "System.Memory.Data": {
        "type": "Transitive",
        "resolved": "6.0.0",
        "contentHash": "ntFHArH3I4Lpjf5m4DCXQHJuGwWPNVJPaAvM95Jy/u+2Yzt2ryiyIN04LAogkjP9DeRcEOiviAjQotfmPq/FrQ==",
        "dependencies": {
          "System.Text.Json": "6.0.0"
        }
      },
      "System.Numerics.Vectors": {
        "type": "Transitive",
        "resolved": "4.5.0",
        "contentHash": "QQTlPTl06J/iiDbJCiepZ4H//BVraReU4O4EoRw1U02H5TLUIT7xn3GnDp9AXPSlJUDyFs4uWjWafNX6WrAojQ=="
      },
      "System.Reactive": {
        "type": "Transitive",
        "resolved": "6.0.1",
        "contentHash": "rHaWtKDwCi9qJ3ObKo8LHPMuuwv33YbmQi7TcUK1C264V3MFnOr5Im7QgCTdLniztP3GJyeiSg5x8NqYJFqRmg=="
      },
      "System.Runtime.CompilerServices.Unsafe": {
        "type": "Transitive",
        "resolved": "6.0.0",
        "contentHash": "/iUeP3tq1S0XdNNoMz5C9twLSrM/TH+qElHkXWaPvuNOt+99G75NrV0OS2EqHx5wMN7popYjpc8oTjC1y16DLg=="
      },
      "System.Text.Encodings.Web": {
        "type": "Transitive",
        "resolved": "9.0.3",
        "contentHash": "5L+iI4fBMtGwt4FHLQh40/rgdbxnw6lHaLkR3gbaHG97TohzUv+z/oP03drsTR1lKCLhOkp40cFnHYOQLtpT5A=="
      },
      "System.Text.Json": {
        "type": "Transitive",
        "resolved": "9.0.3",
        "contentHash": "r2JRkLjsYrq5Dpo7+y3Wa73OfirZPdVhxiTJWwZ+oJM7FOAe0LkM3GlH+pgkNRdd1G1kwUbmRCdmh4uoaWwu1g==",
        "dependencies": {
          "System.IO.Pipelines": "9.0.3",
          "System.Text.Encodings.Web": "9.0.3"
        }
      },
      "System.Threading.Tasks.Extensions": {
        "type": "Transitive",
        "resolved": "4.5.4",
        "contentHash": "zteT+G8xuGu6mS+mzDzYXbzS7rd3K6Fjb9RiZlYlJPam2/hU7JCBZBVEcywNuR+oZ1ncTvc/cq0faRr3P01OVg=="
      },
      "ais.net.receiver": {
        "type": "Project",
        "dependencies": {
          "Ais.Net.Models": "[0.3.1, )",
          "Corvus.Retry": "[1.0.7, )",
          "System.Linq.Async": "[6.0.*, )",
          "System.Reactive": "[6.0.1, )"
        }
      },
      "ais.net.receiver.storage.azure.blob": {
        "type": "Project",
        "dependencies": {
          "Ais.Net.Receiver": "[1.0.0, )",
          "Azure.Storage.Blobs": "[12.23.0, )"
        }
      }
    }
  }
}