<Solution>
  <Folder Name="/Solution Items/">
    <File Path="../GitVersion.yml" />
    <File Path=".editorconfig" />
  </Folder>
  <Project Path="Ais.Net.Receiver.AppHost/Ais.Net.Receiver.AppHost.csproj" />
  <Project Path="Ais.Net.Receiver.ServiceDefaults/Ais.Net.Receiver.ServiceDefaults.csproj" />
  <Project Path="Ais.Net.Receiver.Benchmarks/Ais.Net.Receiver.Benchmarks.csproj" />
  <Project Path="Ais.Net.Receiver.Host.Console/Ais.Net.Receiver.Host.Console.csproj" />
  <Project Path="Ais.Net.Receiver.Host.Worker/Ais.Net.Receiver.Host.Worker.csproj" />
  <Project Path="Ais.Net.Receiver.Storage.Azure.Blob/Ais.Net.Receiver.Storage.Azure.Blob.csproj" />
  <Project Path="Ais.Net.Receiver.Tests/Ais.Net.Receiver.Tests.csproj" />
  <Project Path="Ais.Net.Receiver/Ais.Net.Receiver.csproj" />
  <Project Path="docker-compose.dcproj">
    <Build />
  </Project>
</Solution>
